
Microsoft Visual Studio Solution File, Format Version 12.00
# Visual Studio 15
VisualStudioVersion = 15.0.27130.2036
MinimumVisualStudioVersion = 10.0.40219.1
Project("{FAE04EC0-301F-11D3-BF4B-00C04F79EFBC}") = "VegaProject", "VegaProject\VegaProject.csproj", "{6CAF57D4-925A-42C8-B557-D6D87D5083BC}"
EndProject
Project("{FAE04EC0-301F-11D3-BF4B-00C04F79EFBC}") = "VegaProjectAngular", "VegaProjectAngular\VegaProjectAngular.csproj", "{84F91E14-677E-47A1-9DCF-EC5548113C15}"
EndProject
Global
	GlobalSection(SolutionConfigurationPlatforms) = preSolution
		Debug|Any CPU = Debug|Any CPU
		Release|Any CPU = Release|Any CPU
	EndGlobalSection
	GlobalSection(ProjectConfigurationPlatforms) = postSolution
		{6CAF57D4-925A-42C8-B557-D6D87D5083BC}.Debug|Any CPU.ActiveCfg = Debug|Any CPU
		{6CAF57D4-925A-42C8-B557-D6D87D5083BC}.Debug|Any CPU.Build.0 = Debug|Any CPU
		{6CAF57D4-925A-42C8-B557-D6D87D5083BC}.Release|Any CPU.ActiveCfg = Release|Any CPU
		{6CAF57D4-925A-42C8-B557-D6D87D5083BC}.Release|Any CPU.Build.0 = Release|Any CPU
		{84F91E14-677E-47A1-9DCF-EC5548113C15}.Debug|Any CPU.ActiveCfg = Debug|Any CPU
		{84F91E14-677E-47A1-9DCF-EC5548113C15}.Debug|Any CPU.Build.0 = Debug|Any CPU
		{84F91E14-677E-47A1-9DCF-EC5548113C15}.Release|Any CPU.ActiveCfg = Release|Any CPU
		{84F91E14-677E-47A1-9DCF-EC5548113C15}.Release|Any CPU.Build.0 = Release|Any CPU
	EndGlobalSection
	GlobalSection(SolutionProperties) = preSolution
		HideSolutionNode = FALSE
	EndGlobalSection
	GlobalSection(ExtensibilityGlobals) = postSolution
		SolutionGuid = {88690E7B-CB82-4D3E-A646-FFC60AC59709}
	EndGlobalSection
EndGlobal
